
Microsoft Visual Studio Solution File, Format Version 12.00
# Visual Studio Version 17
VisualStudioVersion = 17.5.33414.496
MinimumVisualStudioVersion = 10.0.40219.1
Project("{FAE04EC0-301F-11D3-BF4B-00C04F79EFBC}") = "takimdeneme", "takimdeneme\takimdeneme.csproj", "{AD5413B1-73B4-437F-9C92-D2BE2582F365}"
EndProject
Global
	GlobalSection(SolutionConfigurationPlatforms) = preSolution
		Debug|Any CPU = Debug|Any CPU
		Release|Any CPU = Release|Any CPU
	EndGlobalSection
	GlobalSection(ProjectConfigurationPlatforms) = postSolution
		{AD5413B1-73B4-437F-9C92-D2BE2582F365}.Debug|Any CPU.ActiveCfg = Debug|Any CPU
		{AD5413B1-73B4-437F-9C92-D2BE2582F365}.Debug|Any CPU.Build.0 = Debug|Any CPU
		{AD5413B1-73B4-437F-9C92-D2BE2582F365}.Release|Any CPU.ActiveCfg = Release|Any CPU
		{AD5413B1-73B4-437F-9C92-D2BE2582F365}.Release|Any CPU.Build.0 = Release|Any CPU
	EndGlobalSection
	GlobalSection(SolutionProperties) = preSolution
		HideSolutionNode = FALSE
	EndGlobalSection
	GlobalSection(ExtensibilityGlobals) = postSolution
		SolutionGuid = {96E7310C-C6BB-49C6-A79E-F1D7BFBA596E}
	EndGlobalSection
EndGlobal
